
Microsoft Visual Studio Solution File, Format Version 12.00
# Visual Studio Version 16
VisualStudioVersion = 16.0.32106.194
MinimumVisualStudioVersion = 10.0.40219.1
Project("{9A19103F-16F7-4668-BE54-9A1E7A4F7556}") = "WissenMarathon", "WissenMarathon\WissenMarathon.csproj", "{D29C6985-BB61-4BB6-AC03-11DACA96D427}"
EndProject
Project("{9A19103F-16F7-4668-BE54-9A1E7A4F7556}") = "ProgrammingBasicsPart02", "ProgrammingBasicsPart02\ProgrammingBasicsPart02.csproj", "{123978C5-2E16-45A6-846D-C74CD6758C98}"
EndProject
Project("{9A19103F-16F7-4668-BE54-9A1E7A4F7556}") = "ProgrammingBasicsPart03", "ProgrammingBasicsPart03\ProgrammingBasicsPart03.csproj", "{9336D619-3DAD-4135-A1B2-ECF9F01B1992}"
EndProject
Project("{9A19103F-16F7-4668-BE54-9A1E7A4F7556}") = "ProgrammingBasicsPart04", "ProgrammingBasicsPart04\ProgrammingBasicsPart04.csproj", "{FFE6A4A4-10C2-4159-B5F8-F3FC896AB7A1}"
EndProject
Project("{FAE04EC0-301F-11D3-BF4B-00C04F79EFBC}") = "ProgrammingBasicsPart05", "ProgrammingBasicsPart05\ProgrammingBasicsPart05.csproj", "{994866E7-1386-4020-87B2-E37BE10D7D6C}"
EndProject
Global
	GlobalSection(SolutionConfigurationPlatforms) = preSolution
		Debug|Any CPU = Debug|Any CPU
		Release|Any CPU = Release|Any CPU
	EndGlobalSection
	GlobalSection(ProjectConfigurationPlatforms) = postSolution
		{D29C6985-BB61-4BB6-AC03-11DACA96D427}.Debug|Any CPU.ActiveCfg = Debug|Any CPU
		{D29C6985-BB61-4BB6-AC03-11DACA96D427}.Debug|Any CPU.Build.0 = Debug|Any CPU
		{D29C6985-BB61-4BB6-AC03-11DACA96D427}.Release|Any CPU.ActiveCfg = Release|Any CPU
		{D29C6985-BB61-4BB6-AC03-11DACA96D427}.Release|Any CPU.Build.0 = Release|Any CPU
		{123978C5-2E16-45A6-846D-C74CD6758C98}.Debug|Any CPU.ActiveCfg = Debug|Any CPU
		{123978C5-2E16-45A6-846D-C74CD6758C98}.Debug|Any CPU.Build.0 = Debug|Any CPU
		{123978C5-2E16-45A6-846D-C74CD6758C98}.Release|Any CPU.ActiveCfg = Release|Any CPU
		{123978C5-2E16-45A6-846D-C74CD6758C98}.Release|Any CPU.Build.0 = Release|Any CPU
		{9336D619-3DAD-4135-A1B2-ECF9F01B1992}.Debug|Any CPU.ActiveCfg = Debug|Any CPU
		{9336D619-3DAD-4135-A1B2-ECF9F01B1992}.Debug|Any CPU.Build.0 = Debug|Any CPU
		{9336D619-3DAD-4135-A1B2-ECF9F01B1992}.Release|Any CPU.ActiveCfg = Release|Any CPU
		{9336D619-3DAD-4135-A1B2-ECF9F01B1992}.Release|Any CPU.Build.0 = Release|Any CPU
		{FFE6A4A4-10C2-4159-B5F8-F3FC896AB7A1}.Debug|Any CPU.ActiveCfg = Debug|Any CPU
		{FFE6A4A4-10C2-4159-B5F8-F3FC896AB7A1}.Debug|Any CPU.Build.0 = Debug|Any CPU
		{FFE6A4A4-10C2-4159-B5F8-F3FC896AB7A1}.Release|Any CPU.ActiveCfg = Release|Any CPU
		{FFE6A4A4-10C2-4159-B5F8-F3FC896AB7A1}.Release|Any CPU.Build.0 = Release|Any CPU
		{994866E7-1386-4020-87B2-E37BE10D7D6C}.Debug|Any CPU.ActiveCfg = Debug|Any CPU
		{994866E7-1386-4020-87B2-E37BE10D7D6C}.Debug|Any CPU.Build.0 = Debug|Any CPU
		{994866E7-1386-4020-87B2-E37BE10D7D6C}.Release|Any CPU.ActiveCfg = Release|Any CPU
		{994866E7-1386-4020-87B2-E37BE10D7D6C}.Release|Any CPU.Build.0 = Release|Any CPU
	EndGlobalSection
	GlobalSection(SolutionProperties) = preSolution
		HideSolutionNode = FALSE
	EndGlobalSection
	GlobalSection(ExtensibilityGlobals) = postSolution
		SolutionGuid = {C01B7137-C970-4827-B99A-FE00CD146A29}
	EndGlobalSection
EndGlobal
